
Microsoft Visual Studio Solution File, Format Version 12.00
# Visual Studio Version 17
VisualStudioVersion = 17.1.32421.90
MinimumVisualStudioVersion = 10.0.40219.1
Project("{FAE04EC0-301F-11D3-BF4B-00C04F79EFBC}") = "TallerMecanica", "TallerMecanica\TallerMecanica.csproj", "{7C1EC733-568B-4A47-8A58-2ECB5B861AA6}"
EndProject
Global
	GlobalSection(SolutionConfigurationPlatforms) = preSolution
		Debug|Any CPU = Debug|Any CPU
		Release|Any CPU = Release|Any CPU
	EndGlobalSection
	GlobalSection(ProjectConfigurationPlatforms) = postSolution
		{7C1EC733-568B-4A47-8A58-2ECB5B861AA6}.Debug|Any CPU.ActiveCfg = Debug|Any CPU
		{7C1EC733-568B-4A47-8A58-2ECB5B861AA6}.Debug|Any CPU.Build.0 = Debug|Any CPU
		{7C1EC733-568B-4A47-8A58-2ECB5B861AA6}.Release|Any CPU.ActiveCfg = Release|Any CPU
		{7C1EC733-568B-4A47-8A58-2ECB5B861AA6}.Release|Any CPU.Build.0 = Release|Any CPU
	EndGlobalSection
	GlobalSection(SolutionProperties) = preSolution
		HideSolutionNode = FALSE
	EndGlobalSection
	GlobalSection(ExtensibilityGlobals) = postSolution
		SolutionGuid = {39081862-5EDB-44CE-9C0B-081209769FBD}
	EndGlobalSection
EndGlobal
